// !$*UTF8*$!
{
	archiveVersion = 1;
	classes = {
	};
	objectVersion = 46;
	objects = {

/* Begin PBXBuildFile section */
		4D1C398B1C7F088100A06940 /* YDOpenHardwareCore.framework in Frameworks */ = {isa = PBXBuildFile; fileRef = 4D1C398A1C7F088100A06940 /* YDOpenHardwareCore.framework */; };
		4D1C398D1C7F089700A06940 /* YDOpenHardwareSDK.framework in Frameworks */ = {isa = PBXBuildFile; fileRef = 4D1C398C1C7F089700A06940 /* YDOpenHardwareSDK.framework */; };
		4D4A64841D261C1C00915104 /* MSJsonKit.mm in Sources */ = {isa = PBXBuildFile; fileRef = 4D4A64781D261C1C00915104 /* MSJsonKit.mm */; };
		4D4A64851D261C1C00915104 /* MSVCRouter.m in Sources */ = {isa = PBXBuildFile; fileRef = 4D4A647B1D261C1C00915104 /* MSVCRouter.m */; };
		4D4A64861D261C1C00915104 /* ThirdParts.plist in Resources */ = {isa = PBXBuildFile; fileRef = 4D4A647E1D261C1C00915104 /* ThirdParts.plist */; };
		4D4A64871D261C1C00915104 /* YDThirdPardModel.m in Sources */ = {isa = PBXBuildFile; fileRef = 4D4A64811D261C1C00915104 /* YDThirdPardModel.m */; };
		4D4A64881D261C1C00915104 /* YDThirdPartLoader.m in Sources */ = {isa = PBXBuildFile; fileRef = 4D4A64831D261C1C00915104 /* YDThirdPartLoader.m */; };
		4D6D8FCC1C60E35800003AA0 /* main.m in Sources */ = {isa = PBXBuildFile; fileRef = 4D6D8FCB1C60E35800003AA0 /* main.m */; };
		4D6D8FCF1C60E35800003AA0 /* AppDelegate.m in Sources */ = {isa = PBXBuildFile; fileRef = 4D6D8FCE1C60E35800003AA0 /* AppDelegate.m */; };
		4D6D8FD21C60E35800003AA0 /* ViewController.m in Sources */ = {isa = PBXBuildFile; fileRef = 4D6D8FD11C60E35800003AA0 /* ViewController.m */; };
		4D6D8FD51C60E35800003AA0 /* Main.storyboard in Resources */ = {isa = PBXBuildFile; fileRef = 4D6D8FD31C60E35800003AA0 /* Main.storyboard */; };
		4D6D8FD71C60E35900003AA0 /* Assets.xcassets in Resources */ = {isa = PBXBuildFile; fileRef = 4D6D8FD61C60E35900003AA0 /* Assets.xcassets */; };
		4D6D8FDA1C60E35900003AA0 /* LaunchScreen.storyboard in Resources */ = {isa = PBXBuildFile; fileRef = 4D6D8FD81C60E35900003AA0 /* LaunchScreen.storyboard */; };
		4D6D8FE51C60E35900003AA0 /* YDOpenHardwareSimpleTests.m in Sources */ = {isa = PBXBuildFile; fileRef = 4D6D8FE41C60E35900003AA0 /* YDOpenHardwareSimpleTests.m */; };
		4D6D8FF01C60E35900003AA0 /* YDOpenHardwareSimpleUITests.m in Sources */ = {isa = PBXBuildFile; fileRef = 4D6D8FEF1C60E35900003AA0 /* YDOpenHardwareSimpleUITests.m */; };
		4D77A0931D7812E300A98BFF /* YDThirdNavigationController.m in Sources */ = {isa = PBXBuildFile; fileRef = 4D77A0921D7812E300A98BFF /* YDThirdNavigationController.m */; };
		4DB5ACEA1C732A7D00763E61 /* libsqlite3.tbd in Frameworks */ = {isa = PBXBuildFile; fileRef = 4DB5ACE91C732A7D00763E61 /* libsqlite3.tbd */; };
		4DC6BA081C7BC6EA00344A32 /* YDOpenHardwareThirdPart.framework in Frameworks */ = {isa = PBXBuildFile; fileRef = 4DC6BA071C7BC6EA00344A32 /* YDOpenHardwareThirdPart.framework */; };
/* End PBXBuildFile section */

/* Begin PBXContainerItemProxy section */
		4D6D8FE11C60E35900003AA0 /* PBXContainerItemProxy */ = {
			isa = PBXContainerItemProxy;
			containerPortal = 4D6D8FBF1C60E35800003AA0 /* Project object */;
			proxyType = 1;
			remoteGlobalIDString = 4D6D8FC61C60E35800003AA0;
			remoteInfo = YDOpenHardwareSimple;
		};
		4D6D8FEC1C60E35900003AA0 /* PBXContainerItemProxy */ = {
			isa = PBXContainerItemProxy;
			containerPortal = 4D6D8FBF1C60E35800003AA0 /* Project object */;
			proxyType = 1;
			remoteGlobalIDString = 4D6D8FC61C60E35800003AA0;
			remoteInfo = YDOpenHardwareSimple;
		};
/* End PBXContainerItemProxy section */

/* Begin PBXFileReference section */
		4D1C398A1C7F088100A06940 /* YDOpenHardwareCore.framework */ = {isa = PBXFileReference; lastKnownFileType = wrapper.framework; path = YDOpenHardwareCore.framework; sourceTree = "<group>"; };
		4D1C398C1C7F089700A06940 /* YDOpenHardwareSDK.framework */ = {isa = PBXFileReference; lastKnownFileType = wrapper.framework; path = YDOpenHardwareSDK.framework; sourceTree = "<group>"; };
		4D4A64771D261C1C00915104 /* MSJsonKit.h */ = {isa = PBXFileReference; fileEncoding = 4; lastKnownFileType = sourcecode.c.h; path = MSJsonKit.h; sourceTree = "<group>"; };
		4D4A64781D261C1C00915104 /* MSJsonKit.mm */ = {isa = PBXFileReference; fileEncoding = 4; lastKnownFileType = sourcecode.cpp.objcpp; path = MSJsonKit.mm; sourceTree = "<group>"; };
		4D4A647A1D261C1C00915104 /* MSVCRouter.h */ = {isa = PBXFileReference; fileEncoding = 4; lastKnownFileType = sourcecode.c.h; path = MSVCRouter.h; sourceTree = "<group>"; };
		4D4A647B1D261C1C00915104 /* MSVCRouter.m */ = {isa = PBXFileReference; fileEncoding = 4; lastKnownFileType = sourcecode.c.objc; path = MSVCRouter.m; sourceTree = "<group>"; };
		4D4A647E1D261C1C00915104 /* ThirdParts.plist */ = {isa = PBXFileReference; fileEncoding = 4; lastKnownFileType = text.plist.xml; path = ThirdParts.plist; sourceTree = "<group>"; };
		4D4A64801D261C1C00915104 /* YDThirdPardModel.h */ = {isa = PBXFileReference; fileEncoding = 4; lastKnownFileType = sourcecode.c.h; path = YDThirdPardModel.h; sourceTree = "<group>"; };
		4D4A64811D261C1C00915104 /* YDThirdPardModel.m */ = {isa = PBXFileReference; fileEncoding = 4; lastKnownFileType = sourcecode.c.objc; path = YDThirdPardModel.m; sourceTree = "<group>"; };
		4D4A64821D261C1C00915104 /* YDThirdPartLoader.h */ = {isa = PBXFileReference; fileEncoding = 4; lastKnownFileType = sourcecode.c.h; path = YDThirdPartLoader.h; sourceTree = "<group>"; };
		4D4A64831D261C1C00915104 /* YDThirdPartLoader.m */ = {isa = PBXFileReference; fileEncoding = 4; lastKnownFileType = sourcecode.c.objc; path = YDThirdPartLoader.m; sourceTree = "<group>"; };
		4D6D8FC71C60E35800003AA0 /* YDOpenHardwareSimple.app */ = {isa = PBXFileReference; explicitFileType = wrapper.application; includeInIndex = 0; path = YDOpenHardwareSimple.app; sourceTree = BUILT_PRODUCTS_DIR; };
		4D6D8FCB1C60E35800003AA0 /* main.m */ = {isa = PBXFileReference; lastKnownFileType = sourcecode.c.objc; path = main.m; sourceTree = "<group>"; };
		4D6D8FCD1C60E35800003AA0 /* AppDelegate.h */ = {isa = PBXFileReference; lastKnownFileType = sourcecode.c.h; path = AppDelegate.h; sourceTree = "<group>"; };
		4D6D8FCE1C60E35800003AA0 /* AppDelegate.m */ = {isa = PBXFileReference; lastKnownFileType = sourcecode.c.objc; path = AppDelegate.m; sourceTree = "<group>"; };
		4D6D8FD01C60E35800003AA0 /* ViewController.h */ = {isa = PBXFileReference; lastKnownFileType = sourcecode.c.h; path = ViewController.h; sourceTree = "<group>"; };
		4D6D8FD11C60E35800003AA0 /* ViewController.m */ = {isa = PBXFileReference; lastKnownFileType = sourcecode.c.objc; path = ViewController.m; sourceTree = "<group>"; };
		4D6D8FD41C60E35800003AA0 /* Base */ = {isa = PBXFileReference; lastKnownFileType = file.storyboard; name = Base; path = Base.lproj/Main.storyboard; sourceTree = "<group>"; };
		4D6D8FD61C60E35900003AA0 /* Assets.xcassets */ = {isa = PBXFileReference; lastKnownFileType = folder.assetcatalog; path = Assets.xcassets; sourceTree = "<group>"; };
		4D6D8FD91C60E35900003AA0 /* Base */ = {isa = PBXFileReference; lastKnownFileType = file.storyboard; name = Base; path = Base.lproj/LaunchScreen.storyboard; sourceTree = "<group>"; };
		4D6D8FDB1C60E35900003AA0 /* Info.plist */ = {isa = PBXFileReference; lastKnownFileType = text.plist.xml; path = Info.plist; sourceTree = "<group>"; };
		4D6D8FE01C60E35900003AA0 /* YDOpenHardwareSimpleTests.xctest */ = {isa = PBXFileReference; explicitFileType = wrapper.cfbundle; includeInIndex = 0; path = YDOpenHardwareSimpleTests.xctest; sourceTree = BUILT_PRODUCTS_DIR; };
		4D6D8FE41C60E35900003AA0 /* YDOpenHardwareSimpleTests.m */ = {isa = PBXFileReference; lastKnownFileType = sourcecode.c.objc; path = YDOpenHardwareSimpleTests.m; sourceTree = "<group>"; };
		4D6D8FE61C60E35900003AA0 /* Info.plist */ = {isa = PBXFileReference; lastKnownFileType = text.plist.xml; path = Info.plist; sourceTree = "<group>"; };
		4D6D8FEB1C60E35900003AA0 /* YDOpenHardwareSimpleUITests.xctest */ = {isa = PBXFileReference; explicitFileType = wrapper.cfbundle; includeInIndex = 0; path = YDOpenHardwareSimpleUITests.xctest; sourceTree = BUILT_PRODUCTS_DIR; };
		4D6D8FEF1C60E35900003AA0 /* YDOpenHardwareSimpleUITests.m */ = {isa = PBXFileReference; lastKnownFileType = sourcecode.c.objc; path = YDOpenHardwareSimpleUITests.m; sourceTree = "<group>"; };
		4D6D8FF11C60E35900003AA0 /* Info.plist */ = {isa = PBXFileReference; lastKnownFileType = text.plist.xml; path = Info.plist; sourceTree = "<group>"; };
		4D77A0911D7812E300A98BFF /* YDThirdNavigationController.h */ = {isa = PBXFileReference; fileEncoding = 4; lastKnownFileType = sourcecode.c.h; path = YDThirdNavigationController.h; sourceTree = "<group>"; };
		4D77A0921D7812E300A98BFF /* YDThirdNavigationController.m */ = {isa = PBXFileReference; fileEncoding = 4; lastKnownFileType = sourcecode.c.objc; path = YDThirdNavigationController.m; sourceTree = "<group>"; };
		4DB5ACE91C732A7D00763E61 /* libsqlite3.tbd */ = {isa = PBXFileReference; lastKnownFileType = "sourcecode.text-based-dylib-definition"; name = libsqlite3.tbd; path = usr/lib/libsqlite3.tbd; sourceTree = SDKROOT; };
		4DC6BA071C7BC6EA00344A32 /* YDOpenHardwareThirdPart.framework */ = {isa = PBXFileReference; lastKnownFileType = wrapper.framework; name = YDOpenHardwareThirdPart.framework; path = "../../../../../Library/Developer/Xcode/DerivedData/openHardware-ffpkdusfolkehfcbjurxncwblwqe/Build/Products/Debug-iphoneos/YDOpenHardwareThirdPart.framework"; sourceTree = "<group>"; };
/* End PBXFileReference section */

/* Begin PBXFrameworksBuildPhase section */
		4D6D8FC41C60E35800003AA0 /* Frameworks */ = {
			isa = PBXFrameworksBuildPhase;
			buildActionMask = 2147483647;
			files = (
				4DC6BA081C7BC6EA00344A32 /* YDOpenHardwareThirdPart.framework in Frameworks */,
				4DB5ACEA1C732A7D00763E61 /* libsqlite3.tbd in Frameworks */,
				4D1C398D1C7F089700A06940 /* YDOpenHardwareSDK.framework in Frameworks */,
				4D1C398B1C7F088100A06940 /* YDOpenHardwareCore.framework in Frameworks */,
			);
			runOnlyForDeploymentPostprocessing = 0;
		};
		4D6D8FDD1C60E35900003AA0 /* Frameworks */ = {
			isa = PBXFrameworksBuildPhase;
			buildActionMask = 2147483647;
			files = (
			);
			runOnlyForDeploymentPostprocessing = 0;
		};
		4D6D8FE81C60E35900003AA0 /* Frameworks */ = {
			isa = PBXFrameworksBuildPhase;
			buildActionMask = 2147483647;
			files = (
			);
			runOnlyForDeploymentPostprocessing = 0;
		};
/* End PBXFrameworksBuildPhase section */

/* Begin PBXGroup section */
		4D4A64761D261C1C00915104 /* MSJsonKit */ = {
			isa = PBXGroup;
			children = (
				4D4A64771D261C1C00915104 /* MSJsonKit.h */,
				4D4A64781D261C1C00915104 /* MSJsonKit.mm */,
			);
			path = MSJsonKit;
			sourceTree = "<group>";
		};
		4D4A64791D261C1C00915104 /* MSVCRouter */ = {
			isa = PBXGroup;
			children = (
				4D4A647A1D261C1C00915104 /* MSVCRouter.h */,
				4D4A647B1D261C1C00915104 /* MSVCRouter.m */,
			);
			path = MSVCRouter;
			sourceTree = "<group>";
		};
		4D4A647C1D261C1C00915104 /* Resource */ = {
			isa = PBXGroup;
			children = (
				4D4A647D1D261C1C00915104 /* Plist */,
			);
			path = Resource;
			sourceTree = "<group>";
		};
		4D4A647D1D261C1C00915104 /* Plist */ = {
			isa = PBXGroup;
			children = (
				4D4A647E1D261C1C00915104 /* ThirdParts.plist */,
			);
			path = Plist;
			sourceTree = "<group>";
		};
		4D4A647F1D261C1C00915104 /* ThirdPartLoader */ = {
			isa = PBXGroup;
			children = (
				4D77A0911D7812E300A98BFF /* YDThirdNavigationController.h */,
				4D77A0921D7812E300A98BFF /* YDThirdNavigationController.m */,
				4D4A64801D261C1C00915104 /* YDThirdPardModel.h */,
				4D4A64811D261C1C00915104 /* YDThirdPardModel.m */,
				4D4A64821D261C1C00915104 /* YDThirdPartLoader.h */,
				4D4A64831D261C1C00915104 /* YDThirdPartLoader.m */,
			);
			path = ThirdPartLoader;
			sourceTree = "<group>";
		};
		4D6D8FBE1C60E35800003AA0 = {
			isa = PBXGroup;
			children = (
				4D1C398C1C7F089700A06940 /* YDOpenHardwareSDK.framework */,
				4D1C398A1C7F088100A06940 /* YDOpenHardwareCore.framework */,
				4DC6BA071C7BC6EA00344A32 /* YDOpenHardwareThirdPart.framework */,
				4DB5ACE91C732A7D00763E61 /* libsqlite3.tbd */,
				4DAB80341C7065BD00BED5D0 /* Framework */,
				4D6D8FC91C60E35800003AA0 /* YDOpenHardwareSimple */,
				4D6D8FE31C60E35900003AA0 /* YDOpenHardwareSimpleTests */,
				4D6D8FEE1C60E35900003AA0 /* YDOpenHardwareSimpleUITests */,
				4D6D8FC81C60E35800003AA0 /* Products */,
			);
			sourceTree = "<group>";
		};
		4D6D8FC81C60E35800003AA0 /* Products */ = {
			isa = PBXGroup;
			children = (
				4D6D8FC71C60E35800003AA0 /* YDOpenHardwareSimple.app */,
				4D6D8FE01C60E35900003AA0 /* YDOpenHardwareSimpleTests.xctest */,
				4D6D8FEB1C60E35900003AA0 /* YDOpenHardwareSimpleUITests.xctest */,
			);
			name = Products;
			sourceTree = "<group>";
		};
		4D6D8FC91C60E35800003AA0 /* YDOpenHardwareSimple */ = {
			isa = PBXGroup;
			children = (
				4D4A64761D261C1C00915104 /* MSJsonKit */,
				4D4A64791D261C1C00915104 /* MSVCRouter */,
				4D4A647C1D261C1C00915104 /* Resource */,
				4D4A647F1D261C1C00915104 /* ThirdPartLoader */,
				4D6D8FCD1C60E35800003AA0 /* AppDelegate.h */,
				4D6D8FCE1C60E35800003AA0 /* AppDelegate.m */,
				4D6D8FD01C60E35800003AA0 /* ViewController.h */,
				4D6D8FD11C60E35800003AA0 /* ViewController.m */,
				4D6D8FD31C60E35800003AA0 /* Main.storyboard */,
				4D6D8FD61C60E35900003AA0 /* Assets.xcassets */,
				4D6D8FD81C60E35900003AA0 /* LaunchScreen.storyboard */,
				4D6D8FDB1C60E35900003AA0 /* Info.plist */,
				4D6D8FCA1C60E35800003AA0 /* Supporting Files */,
			);
			path = YDOpenHardwareSimple;
			sourceTree = "<group>";
		};
		4D6D8FCA1C60E35800003AA0 /* Supporting Files */ = {
			isa = PBXGroup;
			children = (
				4D6D8FCB1C60E35800003AA0 /* main.m */,
			);
			name = "Supporting Files";
			sourceTree = "<group>";
		};
		4D6D8FE31C60E35900003AA0 /* YDOpenHardwareSimpleTests */ = {
			isa = PBXGroup;
			children = (
				4D6D8FE41C60E35900003AA0 /* YDOpenHardwareSimpleTests.m */,
				4D6D8FE61C60E35900003AA0 /* Info.plist */,
			);
			path = YDOpenHardwareSimpleTests;
			sourceTree = "<group>";
		};
		4D6D8FEE1C60E35900003AA0 /* YDOpenHardwareSimpleUITests */ = {
			isa = PBXGroup;
			children = (
				4D6D8FEF1C60E35900003AA0 /* YDOpenHardwareSimpleUITests.m */,
				4D6D8FF11C60E35900003AA0 /* Info.plist */,
			);
			path = YDOpenHardwareSimpleUITests;
			sourceTree = "<group>";
		};
		4DAB80341C7065BD00BED5D0 /* Framework */ = {
			isa = PBXGroup;
			children = (
			);
			path = Framework;
			sourceTree = "<group>";
		};
/* End PBXGroup section */

/* Begin PBXNativeTarget section */
		4D6D8FC61C60E35800003AA0 /* YDOpenHardwareSimple */ = {
			isa = PBXNativeTarget;
			buildConfigurationList = 4D6D8FF41C60E35900003AA0 /* Build configuration list for PBXNativeTarget "YDOpenHardwareSimple" */;
			buildPhases = (
				4D6D8FC31C60E35800003AA0 /* Sources */,
				4D6D8FC41C60E35800003AA0 /* Frameworks */,
				4D6D8FC51C60E35800003AA0 /* Resources */,
			);
			buildRules = (
			);
			dependencies = (
			);
			name = YDOpenHardwareSimple;
			productName = YDOpenHardwareSimple;
			productReference = 4D6D8FC71C60E35800003AA0 /* YDOpenHardwareSimple.app */;
			productType = "com.apple.product-type.application";
		};
		4D6D8FDF1C60E35900003AA0 /* YDOpenHardwareSimpleTests */ = {
			isa = PBXNativeTarget;
			buildConfigurationList = 4D6D8FF71C60E35900003AA0 /* Build configuration list for PBXNativeTarget "YDOpenHardwareSimpleTests" */;
			buildPhases = (
				4D6D8FDC1C60E35900003AA0 /* Sources */,
				4D6D8FDD1C60E35900003AA0 /* Frameworks */,
				4D6D8FDE1C60E35900003AA0 /* Resources */,
			);
			buildRules = (
			);
			dependencies = (
				4D6D8FE21C60E35900003AA0 /* PBXTargetDependency */,
			);
			name = YDOpenHardwareSimpleTests;
			productName = YDOpenHardwareSimpleTests;
			productReference = 4D6D8FE01C60E35900003AA0 /* YDOpenHardwareSimpleTests.xctest */;
			productType = "com.apple.product-type.bundle.unit-test";
		};
		4D6D8FEA1C60E35900003AA0 /* YDOpenHardwareSimpleUITests */ = {
			isa = PBXNativeTarget;
			buildConfigurationList = 4D6D8FFA1C60E35900003AA0 /* Build configuration list for PBXNativeTarget "YDOpenHardwareSimpleUITests" */;
			buildPhases = (
				4D6D8FE71C60E35900003AA0 /* Sources */,
				4D6D8FE81C60E35900003AA0 /* Frameworks */,
				4D6D8FE91C60E35900003AA0 /* Resources */,
			);
			buildRules = (
			);
			dependencies = (
				4D6D8FED1C60E35900003AA0 /* PBXTargetDependency */,
			);
			name = YDOpenHardwareSimpleUITests;
			productName = YDOpenHardwareSimpleUITests;
			productReference = 4D6D8FEB1C60E35900003AA0 /* YDOpenHardwareSimpleUITests.xctest */;
			productType = "com.apple.product-type.bundle.ui-testing";
		};
/* End PBXNativeTarget section */

/* Begin PBXProject section */
		4D6D8FBF1C60E35800003AA0 /* Project object */ = {
			isa = PBXProject;
			attributes = {
				LastUpgradeCheck = 0720;
				ORGANIZATIONNAME = YD;
				TargetAttributes = {
					4D6D8FC61C60E35800003AA0 = {
						CreatedOnToolsVersion = 7.2;
					};
					4D6D8FDF1C60E35900003AA0 = {
						CreatedOnToolsVersion = 7.2;
						TestTargetID = 4D6D8FC61C60E35800003AA0;
					};
					4D6D8FEA1C60E35900003AA0 = {
						CreatedOnToolsVersion = 7.2;
						TestTargetID = 4D6D8FC61C60E35800003AA0;
					};
				};
			};
			buildConfigurationList = 4D6D8FC21C60E35800003AA0 /* Build configuration list for PBXProject "YDOpenHardwareSimple" */;
			compatibilityVersion = "Xcode 3.2";
			developmentRegion = English;
			hasScannedForEncodings = 0;
			knownRegions = (
				en,
				Base,
			);
			mainGroup = 4D6D8FBE1C60E35800003AA0;
			productRefGroup = 4D6D8FC81C60E35800003AA0 /* Products */;
			projectDirPath = "";
			projectRoot = "";
			targets = (
				4D6D8FC61C60E35800003AA0 /* YDOpenHardwareSimple */,
				4D6D8FDF1C60E35900003AA0 /* YDOpenHardwareSimpleTests */,
				4D6D8FEA1C60E35900003AA0 /* YDOpenHardwareSimpleUITests */,
			);
		};
/* End PBXProject section */

/* Begin PBXResourcesBuildPhase section */
		4D6D8FC51C60E35800003AA0 /* Resources */ = {
			isa = PBXResourcesBuildPhase;
			buildActionMask = 2147483647;
			files = (
				4D6D8FDA1C60E35900003AA0 /* LaunchScreen.storyboard in Resources */,
				4D6D8FD71C60E35900003AA0 /* Assets.xcassets in Resources */,
				4D6D8FD51C60E35800003AA0 /* Main.storyboard in Resources */,
				4D4A64861D261C1C00915104 /* ThirdParts.plist in Resources */,
			);
			runOnlyForDeploymentPostprocessing = 0;
		};
		4D6D8FDE1C60E35900003AA0 /* Resources */ = {
			isa = PBXResourcesBuildPhase;
			buildActionMask = 2147483647;
			files = (
			);
			runOnlyForDeploymentPostprocessing = 0;
		};
		4D6D8FE91C60E35900003AA0 /* Resources */ = {
			isa = PBXResourcesBuildPhase;
			buildActionMask = 2147483647;
			files = (
			);
			runOnlyForDeploymentPostprocessing = 0;
		};
/* End PBXResourcesBuildPhase section */

/* Begin PBXSourcesBuildPhase section */
		4D6D8FC31C60E35800003AA0 /* Sources */ = {
			isa = PBXSourcesBuildPhase;
			buildActionMask = 2147483647;
			files = (
				4D6D8FD21C60E35800003AA0 /* ViewController.m in Sources */,
				4D6D8FCF1C60E35800003AA0 /* AppDelegate.m in Sources */,
				4D4A64841D261C1C00915104 /* MSJsonKit.mm in Sources */,
				4D4A64881D261C1C00915104 /* YDThirdPartLoader.m in Sources */,
				4D77A0931D7812E300A98BFF /* YDThirdNavigationController.m in Sources */,
				4D6D8FCC1C60E35800003AA0 /* main.m in Sources */,
				4D4A64851D261C1C00915104 /* MSVCRouter.m in Sources */,
				4D4A64871D261C1C00915104 /* YDThirdPardModel.m in Sources */,
			);
			runOnlyForDeploymentPostprocessing = 0;
		};
		4D6D8FDC1C60E35900003AA0 /* Sources */ = {
			isa = PBXSourcesBuildPhase;
			buildActionMask = 2147483647;
			files = (
				4D6D8FE51C60E35900003AA0 /* YDOpenHardwareSimpleTests.m in Sources */,
			);
			runOnlyForDeploymentPostprocessing = 0;
		};
		4D6D8FE71C60E35900003AA0 /* Sources */ = {
			isa = PBXSourcesBuildPhase;
			buildActionMask = 2147483647;
			files = (
				4D6D8FF01C60E35900003AA0 /* YDOpenHardwareSimpleUITests.m in Sources */,
			);
			runOnlyForDeploymentPostprocessing = 0;
		};
/* End PBXSourcesBuildPhase section */

/* Begin PBXTargetDependency section */
		4D6D8FE21C60E35900003AA0 /* PBXTargetDependency */ = {
			isa = PBXTargetDependency;
			target = 4D6D8FC61C60E35800003AA0 /* YDOpenHardwareSimple */;
			targetProxy = 4D6D8FE11C60E35900003AA0 /* PBXContainerItemProxy */;
		};
		4D6D8FED1C60E35900003AA0 /* PBXTargetDependency */ = {
			isa = PBXTargetDependency;
			target = 4D6D8FC61C60E35800003AA0 /* YDOpenHardwareSimple */;
			targetProxy = 4D6D8FEC1C60E35900003AA0 /* PBXContainerItemProxy */;
		};
/* End PBXTargetDependency section */

/* Begin PBXVariantGroup section */
		4D6D8FD31C60E35800003AA0 /* Main.storyboard */ = {
			isa = PBXVariantGroup;
			children = (
				4D6D8FD41C60E35800003AA0 /* Base */,
			);
			name = Main.storyboard;
			sourceTree = "<group>";
		};
		4D6D8FD81C60E35900003AA0 /* LaunchScreen.storyboard */ = {
			isa = PBXVariantGroup;
			children = (
				4D6D8FD91C60E35900003AA0 /* Base */,
			);
			name = LaunchScreen.storyboard;
			sourceTree = "<group>";
		};
/* End PBXVariantGroup section */

/* Begin XCBuildConfiguration section */
		4D6D8FF21C60E35900003AA0 /* Debug */ = {
			isa = XCBuildConfiguration;
			buildSettings = {
				ALWAYS_SEARCH_USER_PATHS = NO;
				CLANG_CXX_LANGUAGE_STANDARD = "gnu++0x";
				CLANG_CXX_LIBRARY = "libc++";
				CLANG_ENABLE_MODULES = YES;
				CLANG_ENABLE_OBJC_ARC = YES;
				CLANG_WARN_BOOL_CONVERSION = YES;
				CLANG_WARN_CONSTANT_CONVERSION = YES;
				CLANG_WARN_DIRECT_OBJC_ISA_USAGE = YES_ERROR;
				CLANG_WARN_EMPTY_BODY = YES;
				CLANG_WARN_ENUM_CONVERSION = YES;
				CLANG_WARN_INT_CONVERSION = YES;
				CLANG_WARN_OBJC_ROOT_CLASS = YES_ERROR;
				CLANG_WARN_UNREACHABLE_CODE = YES;
				CLANG_WARN__DUPLICATE_METHOD_MATCH = YES;
				CODE_SIGN_IDENTITY = "iPhone Developer";
				"CODE_SIGN_IDENTITY[sdk=iphoneos*]" = "iPhone Developer";
				COPY_PHASE_STRIP = NO;
				DEBUG_INFORMATION_FORMAT = dwarf;
				ENABLE_STRICT_OBJC_MSGSEND = YES;
				ENABLE_TESTABILITY = YES;
				GCC_C_LANGUAGE_STANDARD = gnu99;
				GCC_DYNAMIC_NO_PIC = NO;
				GCC_NO_COMMON_BLOCKS = YES;
				GCC_OPTIMIZATION_LEVEL = 0;
				GCC_PREPROCESSOR_DEFINITIONS = (
					"DEBUG=1",
					"$(inherited)",
				);
				GCC_WARN_64_TO_32_BIT_CONVERSION = YES;
				GCC_WARN_ABOUT_RETURN_TYPE = YES_ERROR;
				GCC_WARN_UNDECLARED_SELECTOR = YES;
				GCC_WARN_UNINITIALIZED_AUTOS = YES_AGGRESSIVE;
				GCC_WARN_UNUSED_FUNCTION = YES;
				GCC_WARN_UNUSED_VARIABLE = YES;
				IPHONEOS_DEPLOYMENT_TARGET = 9.2;
				MTL_ENABLE_DEBUG_INFO = YES;
				ONLY_ACTIVE_ARCH = YES;
				SDKROOT = iphoneos;
				TARGETED_DEVICE_FAMILY = "1,2";
			};
			name = Debug;
		};
		4D6D8FF31C60E35900003AA0 /* Release */ = {
			isa = XCBuildConfiguration;
			buildSettings = {
				ALWAYS_SEARCH_USER_PATHS = NO;
				CLANG_CXX_LANGUAGE_STANDARD = "gnu++0x";
				CLANG_CXX_LIBRARY = "libc++";
				CLANG_ENABLE_MODULES = YES;
				CLANG_ENABLE_OBJC_ARC = YES;
				CLANG_WARN_BOOL_CONVERSION = YES;
				CLANG_WARN_CONSTANT_CONVERSION = YES;
				CLANG_WARN_DIRECT_OBJC_ISA_USAGE = YES_ERROR;
				CLANG_WARN_EMPTY_BODY = YES;
				CLANG_WARN_ENUM_CONVERSION = YES;
				CLANG_WARN_INT_CONVERSION = YES;
				CLANG_WARN_OBJC_ROOT_CLASS = YES_ERROR;
				CLANG_WARN_UNREACHABLE_CODE = YES;
				CLANG_WARN__DUPLICATE_METHOD_MATCH = YES;
				CODE_SIGN_IDENTITY = "iPhone Developer";
				"CODE_SIGN_IDENTITY[sdk=iphoneos*]" = "iPhone Developer";
				COPY_PHASE_STRIP = NO;
				DEBUG_INFORMATION_FORMAT = "dwarf-with-dsym";
				ENABLE_NS_ASSERTIONS = NO;
				ENABLE_STRICT_OBJC_MSGSEND = YES;
				GCC_C_LANGUAGE_STANDARD = gnu99;
				GCC_NO_COMMON_BLOCKS = YES;
				GCC_WARN_64_TO_32_BIT_CONVERSION = YES;
				GCC_WARN_ABOUT_RETURN_TYPE = YES_ERROR;
				GCC_WARN_UNDECLARED_SELECTOR = YES;
				GCC_WARN_UNINITIALIZED_AUTOS = YES_AGGRESSIVE;
				GCC_WARN_UNUSED_FUNCTION = YES;
				GCC_WARN_UNUSED_VARIABLE = YES;
				IPHONEOS_DEPLOYMENT_TARGET = 9.2;
				MTL_ENABLE_DEBUG_INFO = NO;
				SDKROOT = iphoneos;
				TARGETED_DEVICE_FAMILY = "1,2";
				VALIDATE_PRODUCT = YES;
			};
			name = Release;
		};
		4D6D8FF51C60E35900003AA0 /* Debug */ = {
			isa = XCBuildConfiguration;
			buildSettings = {
				ASSETCATALOG_COMPILER_APPICON_NAME = AppIcon;
				ASSETCATALOG_COMPILER_LAUNCHIMAGE_NAME = LaunchImage;
				CODE_SIGN_IDENTITY = "iPhone Developer";
				FRAMEWORK_SEARCH_PATHS = "$(PROJECT_DIR)";
				HEADER_SEARCH_PATHS = "";
				INFOPLIST_FILE = YDOpenHardwareSimple/Info.plist;
				IPHONEOS_DEPLOYMENT_TARGET = 7.0;
				LD_RUNPATH_SEARCH_PATHS = "$(inherited) @executable_path/Frameworks";
				OTHER_LDFLAGS = (
					"$(inherited)",
					"-ObjC",
					"-framework",
					YDOpenHardwareCore,
					"-framework",
					YDOpenHardwareThirdPart,
					"-framework",
					YDOpenHardwareSDK,
				);
				PRODUCT_BUNDLE_IDENTIFIER = com.sport.yuedong.YDOpenHardwareSimple;
				PRODUCT_NAME = "$(TARGET_NAME)";
				PROVISIONING_PROFILE = "0b218e50-b57f-458c-91b8-63328d2e94a8";
				TARGETED_DEVICE_FAMILY = "1,2";
			};
			name = Debug;
		};
		4D6D8FF61C60E35900003AA0 /* Release */ = {
			isa = XCBuildConfiguration;
			buildSettings = {
				ASSETCATALOG_COMPILER_APPICON_NAME = AppIcon;
				ASSETCATALOG_COMPILER_LAUNCHIMAGE_NAME = LaunchImage;
				CODE_SIGN_IDENTITY = "iPhone Developer";
				FRAMEWORK_SEARCH_PATHS = "$(PROJECT_DIR)";
				HEADER_SEARCH_PATHS = "";
				INFOPLIST_FILE = YDOpenHardwareSimple/Info.plist;
				IPHONEOS_DEPLOYMENT_TARGET = 7.0;
				LD_RUNPATH_SEARCH_PATHS = "$(inherited) @executable_path/Frameworks";
				OTHER_LDFLAGS = (
					"$(inherited)",
					"-ObjC",
					"-framework",
					YDOpenHardwareCore,
					"-framework",
					YDOpenHardwareThirdPart,
					"-framework",
					YDOpenHardwareSDK,
				);
				PRODUCT_BUNDLE_IDENTIFIER = com.sport.yuedong.YDOpenHardwareSimple;
				PRODUCT_NAME = "$(TARGET_NAME)";
				PROVISIONING_PROFILE = "";
				TARGETED_DEVICE_FAMILY = "1,2";
			};
			name = Release;
		};
		4D6D8FF81C60E35900003AA0 /* Debug */ = {
			isa = XCBuildConfiguration;
			buildSettings = {
				BUNDLE_LOADER = "$(TEST_HOST)";
				INFOPLIST_FILE = YDOpenHardwareSimpleTests/Info.plist;
				LD_RUNPATH_SEARCH_PATHS = "$(inherited) @executable_path/Frameworks @loader_path/Frameworks";
				PRODUCT_BUNDLE_IDENTIFIER = com.sport.yuedong.YDOpenHardwareSimpleTests;
				PRODUCT_NAME = "$(TARGET_NAME)";
				TEST_HOST = "$(BUILT_PRODUCTS_DIR)/YDOpenHardwareSimple.app/YDOpenHardwareSimple";
			};
			name = Debug;
		};
		4D6D8FF91C60E35900003AA0 /* Release */ = {
			isa = XCBuildConfiguration;
			buildSettings = {
				BUNDLE_LOADER = "$(TEST_HOST)";
				INFOPLIST_FILE = YDOpenHardwareSimpleTests/Info.plist;
				LD_RUNPATH_SEARCH_PATHS = "$(inherited) @executable_path/Frameworks @loader_path/Frameworks";
				PRODUCT_BUNDLE_IDENTIFIER = com.sport.yuedong.YDOpenHardwareSimpleTests;
				PRODUCT_NAME = "$(TARGET_NAME)";
				TEST_HOST = "$(BUILT_PRODUCTS_DIR)/YDOpenHardwareSimple.app/YDOpenHardwareSimple";
			};
			name = Release;
		};
		4D6D8FFB1C60E35900003AA0 /* Debug */ = {
			isa = XCBuildConfiguration;
			buildSettings = {
				INFOPLIST_FILE = YDOpenHardwareSimpleUITests/Info.plist;
				LD_RUNPATH_SEARCH_PATHS = "$(inherited) @executable_path/Frameworks @loader_path/Frameworks";
				PRODUCT_BUNDLE_IDENTIFIER = com.sport.yuedong.YDOpenHardwareSimpleUITests;
				PRODUCT_NAME = "$(TARGET_NAME)";
				TEST_TARGET_NAME = YDOpenHardwareSimple;
				USES_XCTRUNNER = YES;
			};
			name = Debug;
		};
		4D6D8FFC1C60E35900003AA0 /* Release */ = {
			isa = XCBuildConfiguration;
			buildSettings = {
				INFOPLIST_FILE = YDOpenHardwareSimpleUITests/Info.plist;
				LD_RUNPATH_SEARCH_PATHS = "$(inherited) @executable_path/Frameworks @loader_path/Frameworks";
				PRODUCT_BUNDLE_IDENTIFIER = com.sport.yuedong.YDOpenHardwareSimpleUITests;
				PRODUCT_NAME = "$(TARGET_NAME)";
				TEST_TARGET_NAME = YDOpenHardwareSimple;
				USES_XCTRUNNER = YES;
			};
			name = Release;
		};
/* End XCBuildConfiguration section */

/* Begin XCConfigurationList section */
		4D6D8FC21C60E35800003AA0 /* Build configuration list for PBXProject "YDOpenHardwareSimple" */ = {
			isa = XCConfigurationList;
			buildConfigurations = (
				4D6D8FF21C60E35900003AA0 /* Debug */,
				4D6D8FF31C60E35900003AA0 /* Release */,
			);
			defaultConfigurationIsVisible = 0;
			defaultConfigurationName = Release;
		};
		4D6D8FF41C60E35900003AA0 /* Build configuration list for PBXNativeTarget "YDOpenHardwareSimple" */ = {
			isa = XCConfigurationList;
			buildConfigurations = (
				4D6D8FF51C60E35900003AA0 /* Debug */,
				4D6D8FF61C60E35900003AA0 /* Release */,
			);
			defaultConfigurationIsVisible = 0;
			defaultConfigurationName = Release;
		};
		4D6D8FF71C60E35900003AA0 /* Build configuration list for PBXNativeTarget "YDOpenHardwareSimpleTests" */ = {
			isa = XCConfigurationList;
			buildConfigurations = (
				4D6D8FF81C60E35900003AA0 /* Debug */,
				4D6D8FF91C60E35900003AA0 /* Release */,
			);
			defaultConfigurationIsVisible = 0;
			defaultConfigurationName = Release;
		};
		4D6D8FFA1C60E35900003AA0 /* Build configuration list for PBXNativeTarget "YDOpenHardwareSimpleUITests" */ = {
			isa = XCConfigurationList;
			buildConfigurations = (
				4D6D8FFB1C60E35900003AA0 /* Debug */,
				4D6D8FFC1C60E35900003AA0 /* Release */,
			);
			defaultConfigurationIsVisible = 0;
			defaultConfigurationName = Release;
		};
/* End XCConfigurationList section */
	};
	rootObject = 4D6D8FBF1C60E35800003AA0 /* Project object */;
}
